// !$*UTF8*$!
{
	archiveVersion = 1;
	classes = {
	};
	objectVersion = 56;
	objects = {

/* Begin PBXBuildFile section */
		64B4D211291965390058B242 /* AppDelegate.swift in Sources */ = {isa = PBXBuildFile; fileRef = 64B4D210291965390058B242 /* AppDelegate.swift */; };
		64B4D213291965390058B242 /* SceneDelegate.swift in Sources */ = {isa = PBXBuildFile; fileRef = 64B4D212291965390058B242 /* SceneDelegate.swift */; };
		64B4D215291965390058B242 /* ViewController.swift in Sources */ = {isa = PBXBuildFile; fileRef = 64B4D214291965390058B242 /* ViewController.swift */; };
		64B4D218291965390058B242 /* Main.storyboard in Resources */ = {isa = PBXBuildFile; fileRef = 64B4D216291965390058B242 /* Main.storyboard */; };
		64B4D21A2919653A0058B242 /* Assets.xcassets in Resources */ = {isa = PBXBuildFile; fileRef = 64B4D2192919653A0058B242 /* Assets.xcassets */; };
		64B4D21D2919653A0058B242 /* LaunchScreen.storyboard in Resources */ = {isa = PBXBuildFile; fileRef = 64B4D21B2919653A0058B242 /* LaunchScreen.storyboard */; };
		64B4D2282919653A0058B242 /* ios_01_instagram_uriTests.swift in Sources */ = {isa = PBXBuildFile; fileRef = 64B4D2272919653A0058B242 /* ios_01_instagram_uriTests.swift */; };
		64B4D2322919653A0058B242 /* ios_01_instagram_uriUITests.swift in Sources */ = {isa = PBXBuildFile; fileRef = 64B4D2312919653A0058B242 /* ios_01_instagram_uriUITests.swift */; };
		64B4D2342919653A0058B242 /* ios_01_instagram_uriUITestsLaunchTests.swift in Sources */ = {isa = PBXBuildFile; fileRef = 64B4D2332919653A0058B242 /* ios_01_instagram_uriUITestsLaunchTests.swift */; };
/* End PBXBuildFile section */

/* Begin PBXContainerItemProxy section */
		64B4D2242919653A0058B242 /* PBXContainerItemProxy */ = {
			isa = PBXContainerItemProxy;
			containerPortal = 64B4D205291965390058B242 /* Project object */;
			proxyType = 1;
			remoteGlobalIDString = 64B4D20C291965390058B242;
			remoteInfo = ios_01_instagram_uri;
		};
		64B4D22E2919653A0058B242 /* PBXContainerItemProxy */ = {
			isa = PBXContainerItemProxy;
			containerPortal = 64B4D205291965390058B242 /* Project object */;
			proxyType = 1;
			remoteGlobalIDString = 64B4D20C291965390058B242;
			remoteInfo = ios_01_instagram_uri;
		};
/* End PBXContainerItemProxy section */

/* Begin PBXFileReference section */
		64B4D20D291965390058B242 /* ios_01_instagram_uri.app */ = {isa = PBXFileReference; explicitFileType = wrapper.application; includeInIndex = 0; path = ios_01_instagram_uri.app; sourceTree = BUILT_PRODUCTS_DIR; };
		64B4D210291965390058B242 /* AppDelegate.swift */ = {isa = PBXFileReference; lastKnownFileType = sourcecode.swift; path = AppDelegate.swift; sourceTree = "<group>"; };
		64B4D212291965390058B242 /* SceneDelegate.swift */ = {isa = PBXFileReference; lastKnownFileType = sourcecode.swift; path = SceneDelegate.swift; sourceTree = "<group>"; };
		64B4D214291965390058B242 /* ViewController.swift */ = {isa = PBXFileReference; lastKnownFileType = sourcecode.swift; path = ViewController.swift; sourceTree = "<group>"; };
		64B4D217291965390058B242 /* Base */ = {isa = PBXFileReference; lastKnownFileType = file.storyboard; name = Base; path = Base.lproj/Main.storyboard; sourceTree = "<group>"; };
		64B4D2192919653A0058B242 /* Assets.xcassets */ = {isa = PBXFileReference; lastKnownFileType = folder.assetcatalog; path = Assets.xcassets; sourceTree = "<group>"; };
		64B4D21C2919653A0058B242 /* Base */ = {isa = PBXFileReference; lastKnownFileType = file.storyboard; name = Base; path = Base.lproj/LaunchScreen.storyboard; sourceTree = "<group>"; };
		64B4D21E2919653A0058B242 /* Info.plist */ = {isa = PBXFileReference; lastKnownFileType = text.plist.xml; path = Info.plist; sourceTree = "<group>"; };
		64B4D2232919653A0058B242 /* ios_01_instagram_uriTests.xctest */ = {isa = PBXFileReference; explicitFileType = wrapper.cfbundle; includeInIndex = 0; path = ios_01_instagram_uriTests.xctest; sourceTree = BUILT_PRODUCTS_DIR; };
		64B4D2272919653A0058B242 /* ios_01_instagram_uriTests.swift */ = {isa = PBXFileReference; lastKnownFileType = sourcecode.swift; path = ios_01_instagram_uriTests.swift; sourceTree = "<group>"; };
		64B4D22D2919653A0058B242 /* ios_01_instagram_uriUITests.xctest */ = {isa = PBXFileReference; explicitFileType = wrapper.cfbundle; includeInIndex = 0; path = ios_01_instagram_uriUITests.xctest; sourceTree = BUILT_PRODUCTS_DIR; };
		64B4D2312919653A0058B242 /* ios_01_instagram_uriUITests.swift */ = {isa = PBXFileReference; lastKnownFileType = sourcecode.swift; path = ios_01_instagram_uriUITests.swift; sourceTree = "<group>"; };
		64B4D2332919653A0058B242 /* ios_01_instagram_uriUITestsLaunchTests.swift */ = {isa = PBXFileReference; lastKnownFileType = sourcecode.swift; path = ios_01_instagram_uriUITestsLaunchTests.swift; sourceTree = "<group>"; };
/* End PBXFileReference section */

/* Begin PBXFrameworksBuildPhase section */
		64B4D20A291965390058B242 /* Frameworks */ = {
			isa = PBXFrameworksBuildPhase;
			buildActionMask = 2147483647;
			files = (
			);
			runOnlyForDeploymentPostprocessing = 0;
		};
		64B4D2202919653A0058B242 /* Frameworks */ = {
			isa = PBXFrameworksBuildPhase;
			buildActionMask = 2147483647;
			files = (
			);
			runOnlyForDeploymentPostprocessing = 0;
		};
		64B4D22A2919653A0058B242 /* Frameworks */ = {
			isa = PBXFrameworksBuildPhase;
			buildActionMask = 2147483647;
			files = (
			);
			runOnlyForDeploymentPostprocessing = 0;
		};
/* End PBXFrameworksBuildPhase section */

/* Begin PBXGroup section */
		64B4D204291965390058B242 = {
			isa = PBXGroup;
			children = (
				64B4D20F291965390058B242 /* ios_01_instagram_uri */,
				64B4D2262919653A0058B242 /* ios_01_instagram_uriTests */,
				64B4D2302919653A0058B242 /* ios_01_instagram_uriUITests */,
				64B4D20E291965390058B242 /* Products */,
			);
			sourceTree = "<group>";
		};
		64B4D20E291965390058B242 /* Products */ = {
			isa = PBXGroup;
			children = (
				64B4D20D291965390058B242 /* ios_01_instagram_uri.app */,
				64B4D2232919653A0058B242 /* ios_01_instagram_uriTests.xctest */,
				64B4D22D2919653A0058B242 /* ios_01_instagram_uriUITests.xctest */,
			);
			name = Products;
			sourceTree = "<group>";
		};
		64B4D20F291965390058B242 /* ios_01_instagram_uri */ = {
			isa = PBXGroup;
			children = (
				64B4D210291965390058B242 /* AppDelegate.swift */,
				64B4D212291965390058B242 /* SceneDelegate.swift */,
				64B4D214291965390058B242 /* ViewController.swift */,
				64B4D216291965390058B242 /* Main.storyboard */,
				64B4D2192919653A0058B242 /* Assets.xcassets */,
				64B4D21B2919653A0058B242 /* LaunchScreen.storyboard */,
				64B4D21E2919653A0058B242 /* Info.plist */,
			);
			path = ios_01_instagram_uri;
			sourceTree = "<group>";
		};
		64B4D2262919653A0058B242 /* ios_01_instagram_uriTests */ = {
			isa = PBXGroup;
			children = (
				64B4D2272919653A0058B242 /* ios_01_instagram_uriTests.swift */,
			);
			path = ios_01_instagram_uriTests;
			sourceTree = "<group>";
		};
		64B4D2302919653A0058B242 /* ios_01_instagram_uriUITests */ = {
			isa = PBXGroup;
			children = (
				64B4D2312919653A0058B242 /* ios_01_instagram_uriUITests.swift */,
				64B4D2332919653A0058B242 /* ios_01_instagram_uriUITestsLaunchTests.swift */,
			);
			path = ios_01_instagram_uriUITests;
			sourceTree = "<group>";
		};
/* End PBXGroup section */

/* Begin PBXNativeTarget section */
		64B4D20C291965390058B242 /* ios_01_instagram_uri */ = {
			isa = PBXNativeTarget;
			buildConfigurationList = 64B4D2372919653A0058B242 /* Build configuration list for PBXNativeTarget "ios_01_instagram_uri" */;
			buildPhases = (
				64B4D209291965390058B242 /* Sources */,
				64B4D20A291965390058B242 /* Frameworks */,
				64B4D20B291965390058B242 /* Resources */,
			);
			buildRules = (
			);
			dependencies = (
			);
			name = ios_01_instagram_uri;
			productName = ios_01_instagram_uri;
			productReference = 64B4D20D291965390058B242 /* ios_01_instagram_uri.app */;
			productType = "com.apple.product-type.application";
		};
		64B4D2222919653A0058B242 /* ios_01_instagram_uriTests */ = {
			isa = PBXNativeTarget;
			buildConfigurationList = 64B4D23A2919653A0058B242 /* Build configuration list for PBXNativeTarget "ios_01_instagram_uriTests" */;
			buildPhases = (
				64B4D21F2919653A0058B242 /* Sources */,
				64B4D2202919653A0058B242 /* Frameworks */,
				64B4D2212919653A0058B242 /* Resources */,
			);
			buildRules = (
			);
			dependencies = (
				64B4D2252919653A0058B242 /* PBXTargetDependency */,
			);
			name = ios_01_instagram_uriTests;
			productName = ios_01_instagram_uriTests;
			productReference = 64B4D2232919653A0058B242 /* ios_01_instagram_uriTests.xctest */;
			productType = "com.apple.product-type.bundle.unit-test";
		};
		64B4D22C2919653A0058B242 /* ios_01_instagram_uriUITests */ = {
			isa = PBXNativeTarget;
			buildConfigurationList = 64B4D23D2919653A0058B242 /* Build configuration list for PBXNativeTarget "ios_01_instagram_uriUITests" */;
			buildPhases = (
				64B4D2292919653A0058B242 /* Sources */,
				64B4D22A2919653A0058B242 /* Frameworks */,
				64B4D22B2919653A0058B242 /* Resources */,
			);
			buildRules = (
			);
			dependencies = (
				64B4D22F2919653A0058B242 /* PBXTargetDependency */,
			);
			name = ios_01_instagram_uriUITests;
			productName = ios_01_instagram_uriUITests;
			productReference = 64B4D22D2919653A0058B242 /* ios_01_instagram_uriUITests.xctest */;
			productType = "com.apple.product-type.bundle.ui-testing";
		};
/* End PBXNativeTarget section */

/* Begin PBXProject section */
		64B4D205291965390058B242 /* Project object */ = {
			isa = PBXProject;
			attributes = {
				BuildIndependentTargetsInParallel = 1;
				LastSwiftUpdateCheck = 1410;
				LastUpgradeCheck = 1410;
				TargetAttributes = {
					64B4D20C291965390058B242 = {
						CreatedOnToolsVersion = 14.1;
					};
					64B4D2222919653A0058B242 = {
						CreatedOnToolsVersion = 14.1;
						TestTargetID = 64B4D20C291965390058B242;
					};
					64B4D22C2919653A0058B242 = {
						CreatedOnToolsVersion = 14.1;
						TestTargetID = 64B4D20C291965390058B242;
					};
				};
			};
			buildConfigurationList = 64B4D208291965390058B242 /* Build configuration list for PBXProject "ios_01_instagram_uri" */;
			compatibilityVersion = "Xcode 14.0";
			developmentRegion = en;
			hasScannedForEncodings = 0;
			knownRegions = (
				en,
				Base,
			);
			mainGroup = 64B4D204291965390058B242;
			productRefGroup = 64B4D20E291965390058B242 /* Products */;
			projectDirPath = "";
			projectRoot = "";
			targets = (
				64B4D20C291965390058B242 /* ios_01_instagram_uri */,
				64B4D2222919653A0058B242 /* ios_01_instagram_uriTests */,
				64B4D22C2919653A0058B242 /* ios_01_instagram_uriUITests */,
			);
		};
/* End PBXProject section */

/* Begin PBXResourcesBuildPhase section */
		64B4D20B291965390058B242 /* Resources */ = {
			isa = PBXResourcesBuildPhase;
			buildActionMask = 2147483647;
			files = (
				64B4D21D2919653A0058B242 /* LaunchScreen.storyboard in Resources */,
				64B4D21A2919653A0058B242 /* Assets.xcassets in Resources */,
				64B4D218291965390058B242 /* Main.storyboard in Resources */,
			);
			runOnlyForDeploymentPostprocessing = 0;
		};
		64B4D2212919653A0058B242 /* Resources */ = {
			isa = PBXResourcesBuildPhase;
			buildActionMask = 2147483647;
			files = (
			);
			runOnlyForDeploymentPostprocessing = 0;
		};
		64B4D22B2919653A0058B242 /* Resources */ = {
			isa = PBXResourcesBuildPhase;
			buildActionMask = 2147483647;
			files = (
			);
			runOnlyForDeploymentPostprocessing = 0;
		};
/* End PBXResourcesBuildPhase section */

/* Begin PBXSourcesBuildPhase section */
		64B4D209291965390058B242 /* Sources */ = {
			isa = PBXSourcesBuildPhase;
			buildActionMask = 2147483647;
			files = (
				64B4D215291965390058B242 /* ViewController.swift in Sources */,
				64B4D211291965390058B242 /* AppDelegate.swift in Sources */,
				64B4D213291965390058B242 /* SceneDelegate.swift in Sources */,
			);
			runOnlyForDeploymentPostprocessing = 0;
		};
		64B4D21F2919653A0058B242 /* Sources */ = {
			isa = PBXSourcesBuildPhase;
			buildActionMask = 2147483647;
			files = (
				64B4D2282919653A0058B242 /* ios_01_instagram_uriTests.swift in Sources */,
			);
			runOnlyForDeploymentPostprocessing = 0;
		};
		64B4D2292919653A0058B242 /* Sources */ = {
			isa = PBXSourcesBuildPhase;
			buildActionMask = 2147483647;
			files = (
				64B4D2322919653A0058B242 /* ios_01_instagram_uriUITests.swift in Sources */,
				64B4D2342919653A0058B242 /* ios_01_instagram_uriUITestsLaunchTests.swift in Sources */,
			);
			runOnlyForDeploymentPostprocessing = 0;
		};
/* End PBXSourcesBuildPhase section */

/* Begin PBXTargetDependency section */
		64B4D2252919653A0058B242 /* PBXTargetDependency */ = {
			isa = PBXTargetDependency;
			target = 64B4D20C291965390058B242 /* ios_01_instagram_uri */;
			targetProxy = 64B4D2242919653A0058B242 /* PBXContainerItemProxy */;
		};
		64B4D22F2919653A0058B242 /* PBXTargetDependency */ = {
			isa = PBXTargetDependency;
			target = 64B4D20C291965390058B242 /* ios_01_instagram_uri */;
			targetProxy = 64B4D22E2919653A0058B242 /* PBXContainerItemProxy */;
		};
/* End PBXTargetDependency section */

/* Begin PBXVariantGroup section */
		64B4D216291965390058B242 /* Main.storyboard */ = {
			isa = PBXVariantGroup;
			children = (
				64B4D217291965390058B242 /* Base */,
			);
			name = Main.storyboard;
			sourceTree = "<group>";
		};
		64B4D21B2919653A0058B242 /* LaunchScreen.storyboard */ = {
			isa = PBXVariantGroup;
			children = (
				64B4D21C2919653A0058B242 /* Base */,
			);
			name = LaunchScreen.storyboard;
			sourceTree = "<group>";
		};
/* End PBXVariantGroup section */

/* Begin XCBuildConfiguration section */
		64B4D2352919653A0058B242 /* Debug */ = {
			isa = XCBuildConfiguration;
			buildSettings = {
				ALWAYS_SEARCH_USER_PATHS = NO;
				CLANG_ANALYZER_NONNULL = YES;
				CLANG_ANALYZER_NUMBER_OBJECT_CONVERSION = YES_AGGRESSIVE;
				CLANG_CXX_LANGUAGE_STANDARD = "gnu++20";
				CLANG_ENABLE_MODULES = YES;
				CLANG_ENABLE_OBJC_ARC = YES;
				CLANG_ENABLE_OBJC_WEAK = YES;
				CLANG_WARN_BLOCK_CAPTURE_AUTORELEASING = YES;
				CLANG_WARN_BOOL_CONVERSION = YES;
				CLANG_WARN_COMMA = YES;
				CLANG_WARN_CONSTANT_CONVERSION = YES;
				CLANG_WARN_DEPRECATED_OBJC_IMPLEMENTATIONS = YES;
				CLANG_WARN_DIRECT_OBJC_ISA_USAGE = YES_ERROR;
				CLANG_WARN_DOCUMENTATION_COMMENTS = YES;
				CLANG_WARN_EMPTY_BODY = YES;
				CLANG_WARN_ENUM_CONVERSION = YES;
				CLANG_WARN_INFINITE_RECURSION = YES;
				CLANG_WARN_INT_CONVERSION = YES;
				CLANG_WARN_NON_LITERAL_NULL_CONVERSION = YES;
				CLANG_WARN_OBJC_IMPLICIT_RETAIN_SELF = YES;
				CLANG_WARN_OBJC_LITERAL_CONVERSION = YES;
				CLANG_WARN_OBJC_ROOT_CLASS = YES_ERROR;
				CLANG_WARN_QUOTED_INCLUDE_IN_FRAMEWORK_HEADER = YES;
				CLANG_WARN_RANGE_LOOP_ANALYSIS = YES;
				CLANG_WARN_STRICT_PROTOTYPES = YES;
				CLANG_WARN_SUSPICIOUS_MOVE = YES;
				CLANG_WARN_UNGUARDED_AVAILABILITY = YES_AGGRESSIVE;
				CLANG_WARN_UNREACHABLE_CODE = YES;
				CLANG_WARN__DUPLICATE_METHOD_MATCH = YES;
				COPY_PHASE_STRIP = NO;
				DEBUG_INFORMATION_FORMAT = dwarf;
				ENABLE_STRICT_OBJC_MSGSEND = YES;
				ENABLE_TESTABILITY = YES;
				GCC_C_LANGUAGE_STANDARD = gnu11;
				GCC_DYNAMIC_NO_PIC = NO;
				GCC_NO_COMMON_BLOCKS = YES;
				GCC_OPTIMIZATION_LEVEL = 0;
				GCC_PREPROCESSOR_DEFINITIONS = (
					"DEBUG=1",
					"$(inherited)",
				);
				GCC_WARN_64_TO_32_BIT_CONVERSION = YES;
				GCC_WARN_ABOUT_RETURN_TYPE = YES_ERROR;
				GCC_WARN_UNDECLARED_SELECTOR = YES;
				GCC_WARN_UNINITIALIZED_AUTOS = YES_AGGRESSIVE;
				GCC_WARN_UNUSED_FUNCTION = YES;
				GCC_WARN_UNUSED_VARIABLE = YES;
				IPHONEOS_DEPLOYMENT_TARGET = 16.1;
				MTL_ENABLE_DEBUG_INFO = INCLUDE_SOURCE;
				MTL_FAST_MATH = YES;
				ONLY_ACTIVE_ARCH = YES;
				SDKROOT = iphoneos;
				SWIFT_ACTIVE_COMPILATION_CONDITIONS = DEBUG;
				SWIFT_OPTIMIZATION_LEVEL = "-Onone";
			};
			name = Debug;
		};
		64B4D2362919653A0058B242 /* Release */ = {
			isa = XCBuildConfiguration;
			buildSettings = {
				ALWAYS_SEARCH_USER_PATHS = NO;
				CLANG_ANALYZER_NONNULL = YES;
				CLANG_ANALYZER_NUMBER_OBJECT_CONVERSION = YES_AGGRESSIVE;
				CLANG_CXX_LANGUAGE_STANDARD = "gnu++20";
				CLANG_ENABLE_MODULES = YES;
				CLANG_ENABLE_OBJC_ARC = YES;
				CLANG_ENABLE_OBJC_WEAK = YES;
				CLANG_WARN_BLOCK_CAPTURE_AUTORELEASING = YES;
				CLANG_WARN_BOOL_CONVERSION = YES;
				CLANG_WARN_COMMA = YES;
				CLANG_WARN_CONSTANT_CONVERSION = YES;
				CLANG_WARN_DEPRECATED_OBJC_IMPLEMENTATIONS = YES;
				CLANG_WARN_DIRECT_OBJC_ISA_USAGE = YES_ERROR;
				CLANG_WARN_DOCUMENTATION_COMMENTS = YES;
				CLANG_WARN_EMPTY_BODY = YES;
				CLANG_WARN_ENUM_CONVERSION = YES;
				CLANG_WARN_INFINITE_RECURSION = YES;
				CLANG_WARN_INT_CONVERSION = YES;
				CLANG_WARN_NON_LITERAL_NULL_CONVERSION = YES;
				CLANG_WARN_OBJC_IMPLICIT_RETAIN_SELF = YES;
				CLANG_WARN_OBJC_LITERAL_CONVERSION = YES;
				CLANG_WARN_OBJC_ROOT_CLASS = YES_ERROR;
				CLANG_WARN_QUOTED_INCLUDE_IN_FRAMEWORK_HEADER = YES;
				CLANG_WARN_RANGE_LOOP_ANALYSIS = YES;
				CLANG_WARN_STRICT_PROTOTYPES = YES;
				CLANG_WARN_SUSPICIOUS_MOVE = YES;
				CLANG_WARN_UNGUARDED_AVAILABILITY = YES_AGGRESSIVE;
				CLANG_WARN_UNREACHABLE_CODE = YES;
				CLANG_WARN__DUPLICATE_METHOD_MATCH = YES;
				COPY_PHASE_STRIP = NO;
				DEBUG_INFORMATION_FORMAT = "dwarf-with-dsym";
				ENABLE_NS_ASSERTIONS = NO;
				ENABLE_STRICT_OBJC_MSGSEND = YES;
				GCC_C_LANGUAGE_STANDARD = gnu11;
				GCC_NO_COMMON_BLOCKS = YES;
				GCC_WARN_64_TO_32_BIT_CONVERSION = YES;
				GCC_WARN_ABOUT_RETURN_TYPE = YES_ERROR;
				GCC_WARN_UNDECLARED_SELECTOR = YES;
				GCC_WARN_UNINITIALIZED_AUTOS = YES_AGGRESSIVE;
				GCC_WARN_UNUSED_FUNCTION = YES;
				GCC_WARN_UNUSED_VARIABLE = YES;
				IPHONEOS_DEPLOYMENT_TARGET = 16.1;
				MTL_ENABLE_DEBUG_INFO = NO;
				MTL_FAST_MATH = YES;
				SDKROOT = iphoneos;
				SWIFT_COMPILATION_MODE = wholemodule;
				SWIFT_OPTIMIZATION_LEVEL = "-O";
				VALIDATE_PRODUCT = YES;
			};
			name = Release;
		};
		64B4D2382919653A0058B242 /* Debug */ = {
			isa = XCBuildConfiguration;
			buildSettings = {
				ASSETCATALOG_COMPILER_APPICON_NAME = AppIcon;
				ASSETCATALOG_COMPILER_GLOBAL_ACCENT_COLOR_NAME = AccentColor;
				CODE_SIGN_STYLE = Automatic;
				CURRENT_PROJECT_VERSION = 1;
				GENERATE_INFOPLIST_FILE = YES;
				INFOPLIST_FILE = ios_01_instagram_uri/Info.plist;
				INFOPLIST_KEY_UIApplicationSupportsIndirectInputEvents = YES;
				INFOPLIST_KEY_UILaunchStoryboardName = LaunchScreen;
				INFOPLIST_KEY_UIMainStoryboardFile = Main;
				INFOPLIST_KEY_UISupportedInterfaceOrientations_iPad = "UIInterfaceOrientationPortrait UIInterfaceOrientationPortraitUpsideDown UIInterfaceOrientationLandscapeLeft UIInterfaceOrientationLandscapeRight";
				INFOPLIST_KEY_UISupportedInterfaceOrientations_iPhone = "UIInterfaceOrientationPortrait UIInterfaceOrientationLandscapeLeft UIInterfaceOrientationLandscapeRight";
				LD_RUNPATH_SEARCH_PATHS = (
					"$(inherited)",
					"@executable_path/Frameworks",
				);
				MARKETING_VERSION = 1.0;
				PRODUCT_BUNDLE_IDENTIFIER = "com.mednologic.ios-01-instagram-uri";
				PRODUCT_NAME = "$(TARGET_NAME)";
				SWIFT_EMIT_LOC_STRINGS = YES;
				SWIFT_VERSION = 5.0;
				TARGETED_DEVICE_FAMILY = "1,2";
			};
			name = Debug;
		};
		64B4D2392919653A0058B242 /* Release */ = {
			isa = XCBuildConfiguration;
			buildSettings = {
				ASSETCATALOG_COMPILER_APPICON_NAME = AppIcon;
				ASSETCATALOG_COMPILER_GLOBAL_ACCENT_COLOR_NAME = AccentColor;
				CODE_SIGN_STYLE = Automatic;
				CURRENT_PROJECT_VERSION = 1;
				GENERATE_INFOPLIST_FILE = YES;
				INFOPLIST_FILE = ios_01_instagram_uri/Info.plist;
				INFOPLIST_KEY_UIApplicationSupportsIndirectInputEvents = YES;
				INFOPLIST_KEY_UILaunchStoryboardName = LaunchScreen;
				INFOPLIST_KEY_UIMainStoryboardFile = Main;
				INFOPLIST_KEY_UISupportedInterfaceOrientations_iPad = "UIInterfaceOrientationPortrait UIInterfaceOrientationPortraitUpsideDown UIInterfaceOrientationLandscapeLeft UIInterfaceOrientationLandscapeRight";
				INFOPLIST_KEY_UISupportedInterfaceOrientations_iPhone = "UIInterfaceOrientationPortrait UIInterfaceOrientationLandscapeLeft UIInterfaceOrientationLandscapeRight";
				LD_RUNPATH_SEARCH_PATHS = (
					"$(inherited)",
					"@executable_path/Frameworks",
				);
				MARKETING_VERSION = 1.0;
				PRODUCT_BUNDLE_IDENTIFIER = "com.mednologic.ios-01-instagram-uri";
				PRODUCT_NAME = "$(TARGET_NAME)";
				SWIFT_EMIT_LOC_STRINGS = YES;
				SWIFT_VERSION = 5.0;
				TARGETED_DEVICE_FAMILY = "1,2";
			};
			name = Release;
		};
		64B4D23B2919653A0058B242 /* Debug */ = {
			isa = XCBuildConfiguration;
			buildSettings = {
				ALWAYS_EMBED_SWIFT_STANDARD_LIBRARIES = YES;
				BUNDLE_LOADER = "$(TEST_HOST)";
				CODE_SIGN_STYLE = Automatic;
				CURRENT_PROJECT_VERSION = 1;
				GENERATE_INFOPLIST_FILE = YES;
				IPHONEOS_DEPLOYMENT_TARGET = 16.1;
				MARKETING_VERSION = 1.0;
				PRODUCT_BUNDLE_IDENTIFIER = "com.mednologic.ios-01-instagram-uriTests";
				PRODUCT_NAME = "$(TARGET_NAME)";
				SWIFT_EMIT_LOC_STRINGS = NO;
				SWIFT_VERSION = 5.0;
				TARGETED_DEVICE_FAMILY = "1,2";
				TEST_HOST = "$(BUILT_PRODUCTS_DIR)/ios_01_instagram_uri.app/$(BUNDLE_EXECUTABLE_FOLDER_PATH)/ios_01_instagram_uri";
			};
			name = Debug;
		};
		64B4D23C2919653A0058B242 /* Release */ = {
			isa = XCBuildConfiguration;
			buildSettings = {
				ALWAYS_EMBED_SWIFT_STANDARD_LIBRARIES = YES;
				BUNDLE_LOADER = "$(TEST_HOST)";
				CODE_SIGN_STYLE = Automatic;
				CURRENT_PROJECT_VERSION = 1;
				GENERATE_INFOPLIST_FILE = YES;
				IPHONEOS_DEPLOYMENT_TARGET = 16.1;
				MARKETING_VERSION = 1.0;
				PRODUCT_BUNDLE_IDENTIFIER = "com.mednologic.ios-01-instagram-uriTests";
				PRODUCT_NAME = "$(TARGET_NAME)";
				SWIFT_EMIT_LOC_STRINGS = NO;
				SWIFT_VERSION = 5.0;
				TARGETED_DEVICE_FAMILY = "1,2";
				TEST_HOST = "$(BUILT_PRODUCTS_DIR)/ios_01_instagram_uri.app/$(BUNDLE_EXECUTABLE_FOLDER_PATH)/ios_01_instagram_uri";
			};
			name = Release;
		};
		64B4D23E2919653A0058B242 /* Debug */ = {
			isa = XCBuildConfiguration;
			buildSettings = {
				ALWAYS_EMBED_SWIFT_STANDARD_LIBRARIES = YES;
				CODE_SIGN_STYLE = Automatic;
				CURRENT_PROJECT_VERSION = 1;
				GENERATE_INFOPLIST_FILE = YES;
				MARKETING_VERSION = 1.0;
				PRODUCT_BUNDLE_IDENTIFIER = "com.mednologic.ios-01-instagram-uriUITests";
				PRODUCT_NAME = "$(TARGET_NAME)";
				SWIFT_EMIT_LOC_STRINGS = NO;
				SWIFT_VERSION = 5.0;
				TARGETED_DEVICE_FAMILY = "1,2";
				TEST_TARGET_NAME = ios_01_instagram_uri;
			};
			name = Debug;
		};
		64B4D23F2919653A0058B242 /* Release */ = {
			isa = XCBuildConfiguration;
			buildSettings = {
				ALWAYS_EMBED_SWIFT_STANDARD_LIBRARIES = YES;
				CODE_SIGN_STYLE = Automatic;
				CURRENT_PROJECT_VERSION = 1;
				GENERATE_INFOPLIST_FILE = YES;
				MARKETING_VERSION = 1.0;
				PRODUCT_BUNDLE_IDENTIFIER = "com.mednologic.ios-01-instagram-uriUITests";
				PRODUCT_NAME = "$(TARGET_NAME)";
				SWIFT_EMIT_LOC_STRINGS = NO;
				SWIFT_VERSION = 5.0;
				TARGETED_DEVICE_FAMILY = "1,2";
				TEST_TARGET_NAME = ios_01_instagram_uri;
			};
			name = Release;
		};
/* End XCBuildConfiguration section */

/* Begin XCConfigurationList section */
		64B4D208291965390058B242 /* Build configuration list for PBXProject "ios_01_instagram_uri" */ = {
			isa = XCConfigurationList;
			buildConfigurations = (
				64B4D2352919653A0058B242 /* Debug */,
				64B4D2362919653A0058B242 /* Release */,
			);
			defaultConfigurationIsVisible = 0;
			defaultConfigurationName = Release;
		};
		64B4D2372919653A0058B242 /* Build configuration list for PBXNativeTarget "ios_01_instagram_uri" */ = {
			isa = XCConfigurationList;
			buildConfigurations = (
				64B4D2382919653A0058B242 /* Debug */,
				64B4D2392919653A0058B242 /* Release */,
			);
			defaultConfigurationIsVisible = 0;
			defaultConfigurationName = Release;
		};
		64B4D23A2919653A0058B242 /* Build configuration list for PBXNativeTarget "ios_01_instagram_uriTests" */ = {
			isa = XCConfigurationList;
			buildConfigurations = (
				64B4D23B2919653A0058B242 /* Debug */,
				64B4D23C2919653A0058B242 /* Release */,
			);
			defaultConfigurationIsVisible = 0;
			defaultConfigurationName = Release;
		};
		64B4D23D2919653A0058B242 /* Build configuration list for PBXNativeTarget "ios_01_instagram_uriUITests" */ = {
			isa = XCConfigurationList;
			buildConfigurations = (
				64B4D23E2919653A0058B242 /* Debug */,
				64B4D23F2919653A0058B242 /* Release */,
			);
			defaultConfigurationIsVisible = 0;
			defaultConfigurationName = Release;
		};
/* End XCConfigurationList section */
	};
	rootObject = 64B4D205291965390058B242 /* Project object */;
}
